
Microsoft Visual Studio Solution File, Format Version 12.00
# Visual Studio 14
VisualStudioVersion = 14.0.25420.1
MinimumVisualStudioVersion = 10.0.40219.1
Project("{FAE04EC0-301F-11D3-BF4B-00C04F79EFBC}") = "Login Server", "Login Server\Login Server.csproj", "{0000C944-04E0-4F3A-8C89-CB0A10E5B5D3}"
EndProject
Project("{FAE04EC0-301F-11D3-BF4B-00C04F79EFBC}") = "Game Manager Server", "Game Manager Server\Game Manager Server.csproj", "{FC62DA4D-C466-4483-95D9-A2FC3576D66E}"
EndProject
Project("{FAE04EC0-301F-11D3-BF4B-00C04F79EFBC}") = "ZoneServer", "ZoneServer\ZoneServer.csproj", "{2CB7E799-6D04-47CD-B39F-FCEE0B65ECE6}"
EndProject
Global
	GlobalSection(SolutionConfigurationPlatforms) = preSolution
		Debug|Any CPU = Debug|Any CPU
		Release|Any CPU = Release|Any CPU
	EndGlobalSection
	GlobalSection(ProjectConfigurationPlatforms) = postSolution
		{0000C944-04E0-4F3A-8C89-CB0A10E5B5D3}.Debug|Any CPU.ActiveCfg = Debug|Any CPU
		{0000C944-04E0-4F3A-8C89-CB0A10E5B5D3}.Debug|Any CPU.Build.0 = Debug|Any CPU
		{0000C944-04E0-4F3A-8C89-CB0A10E5B5D3}.Release|Any CPU.ActiveCfg = Release|Any CPU
		{0000C944-04E0-4F3A-8C89-CB0A10E5B5D3}.Release|Any CPU.Build.0 = Release|Any CPU
		{FC62DA4D-C466-4483-95D9-A2FC3576D66E}.Debug|Any CPU.ActiveCfg = Debug|Any CPU
		{FC62DA4D-C466-4483-95D9-A2FC3576D66E}.Debug|Any CPU.Build.0 = Debug|Any CPU
		{FC62DA4D-C466-4483-95D9-A2FC3576D66E}.Release|Any CPU.ActiveCfg = Release|Any CPU
		{FC62DA4D-C466-4483-95D9-A2FC3576D66E}.Release|Any CPU.Build.0 = Release|Any CPU
		{2CB7E799-6D04-47CD-B39F-FCEE0B65ECE6}.Debug|Any CPU.ActiveCfg = Debug|Any CPU
		{2CB7E799-6D04-47CD-B39F-FCEE0B65ECE6}.Debug|Any CPU.Build.0 = Debug|Any CPU
		{2CB7E799-6D04-47CD-B39F-FCEE0B65ECE6}.Release|Any CPU.ActiveCfg = Release|Any CPU
		{2CB7E799-6D04-47CD-B39F-FCEE0B65ECE6}.Release|Any CPU.Build.0 = Release|Any CPU
	EndGlobalSection
	GlobalSection(SolutionProperties) = preSolution
		HideSolutionNode = FALSE
	EndGlobalSection
EndGlobal
